
Microsoft Visual Studio Solution File, Format Version 12.00
# Visual Studio Version 16
VisualStudioVersion = 16.0.31105.61
MinimumVisualStudioVersion = 10.0.40219.1
Project("{8BC9CEB8-8B4A-11D0-8D11-00A0C91BC942}") = "CG", "CG\CG.vcxproj", "{F20789D2-10EE-40A7-8279-CA990EE7259E}"
EndProject
Global
	GlobalSection(SolutionConfigurationPlatforms) = preSolution
		Debug|x64 = Debug|x64
		Debug|x86 = Debug|x86
		Release|x64 = Release|x64
		Release|x86 = Release|x86
	EndGlobalSection
	GlobalSection(ProjectConfigurationPlatforms) = postSolution
		{F20789D2-10EE-40A7-8279-CA990EE7259E}.Debug|x64.ActiveCfg = Debug|x64
		{F20789D2-10EE-40A7-8279-CA990EE7259E}.Debug|x64.Build.0 = Debug|x64
		{F20789D2-10EE-40A7-8279-CA990EE7259E}.Debug|x86.ActiveCfg = Debug|Win32
		{F20789D2-10EE-40A7-8279-CA990EE7259E}.Debug|x86.Build.0 = Debug|Win32
		{F20789D2-10EE-40A7-8279-CA990EE7259E}.Release|x64.ActiveCfg = Release|x64
		{F20789D2-10EE-40A7-8279-CA990EE7259E}.Release|x64.Build.0 = Release|x64
		{F20789D2-10EE-40A7-8279-CA990EE7259E}.Release|x86.ActiveCfg = Release|Win32
		{F20789D2-10EE-40A7-8279-CA990EE7259E}.Release|x86.Build.0 = Release|Win32
	EndGlobalSection
	GlobalSection(SolutionProperties) = preSolution
		HideSolutionNode = FALSE
	EndGlobalSection
	GlobalSection(ExtensibilityGlobals) = postSolution
		SolutionGuid = {2F0F8E93-396D-4AA2-BE4B-6EB2B2E815CB}
	EndGlobalSection
EndGlobal
